
Microsoft Visual Studio Solution File, Format Version 12.00
# Visual Studio 14
VisualStudioVersion = 14.0.24720.0
MinimumVisualStudioVersion = 10.0.40219.1
Project("{FAE04EC0-301F-11D3-BF4B-00C04F79EFBC}") = "CS-ASP_011", "CS-ASP_011\CS-ASP_011.csproj", "{F053581C-BEF5-45F8-BE52-B1BEE40D62E6}"
EndProject
Project("{2150E333-8FDC-42A3-9474-1A3956D46DE8}") = "PublishScripts", "PublishScripts", "{48E572A2-343E-487F-9B8E-8947BF3D9034}"
EndProject
Project("{2150E333-8FDC-42A3-9474-1A3956D46DE8}") = "Scripts", "Scripts", "{B9900600-6F60-4445-8C6F-117013CC29F4}"
	ProjectSection(SolutionItems) = preProject
		PublishScripts\Scripts\ConfigureWebServer.ps1 = PublishScripts\Scripts\ConfigureWebServer.ps1
		PublishScripts\Scripts\Deploy-AzureResourceGroup.ps1 = PublishScripts\Scripts\Deploy-AzureResourceGroup.ps1
	EndProjectSection
EndProject
Project("{2150E333-8FDC-42A3-9474-1A3956D46DE8}") = "Templates", "Templates", "{ACFCB362-BE22-4D2B-A85D-8CA36DCB6CA5}"
	ProjectSection(SolutionItems) = preProject
		PublishScripts\Templates\CS-ASP_011.json = PublishScripts\Templates\CS-ASP_011.json
		PublishScripts\Templates\CS-ASP_011.param.dev.json = PublishScripts\Templates\CS-ASP_011.param.dev.json
	EndProjectSection
EndProject
Global
	GlobalSection(SolutionConfigurationPlatforms) = preSolution
		Debug|Any CPU = Debug|Any CPU
		Release|Any CPU = Release|Any CPU
	EndGlobalSection
	GlobalSection(ProjectConfigurationPlatforms) = postSolution
		{F053581C-BEF5-45F8-BE52-B1BEE40D62E6}.Debug|Any CPU.ActiveCfg = Debug|Any CPU
		{F053581C-BEF5-45F8-BE52-B1BEE40D62E6}.Debug|Any CPU.Build.0 = Debug|Any CPU
		{F053581C-BEF5-45F8-BE52-B1BEE40D62E6}.Release|Any CPU.ActiveCfg = Release|Any CPU
		{F053581C-BEF5-45F8-BE52-B1BEE40D62E6}.Release|Any CPU.Build.0 = Release|Any CPU
	EndGlobalSection
	GlobalSection(SolutionProperties) = preSolution
		HideSolutionNode = FALSE
	EndGlobalSection
	GlobalSection(NestedProjects) = preSolution
		{B9900600-6F60-4445-8C6F-117013CC29F4} = {48E572A2-343E-487F-9B8E-8947BF3D9034}
		{ACFCB362-BE22-4D2B-A85D-8CA36DCB6CA5} = {48E572A2-343E-487F-9B8E-8947BF3D9034}
	EndGlobalSection
EndGlobal
